
Microsoft Visual Studio Solution File, Format Version 12.00
# Visual Studio Version 16
VisualStudioVersion = 16.0.29613.14
MinimumVisualStudioVersion = 10.0.40219.1
Project("{D954291E-2A0B-460D-934E-DC6B0785DB48}") = "MUI.Shared", "src\MUI.Shared\MUI.Shared.shproj", "{9B9E1E65-8A89-4532-8019-00907E30D725}"
EndProject
Project("{9A19103F-16F7-4668-BE54-9A1E7A4F7556}") = "DH.MUI", "src\DH.MUI\DH.MUI.csproj", "{0A94E500-5638-42B5-8491-182EB349C54D}"
EndProject
Project("{9A19103F-16F7-4668-BE54-9A1E7A4F7556}") = "DH.MUI.Dome", "src\DH.MUI.Dome\DH.MUI.Dome.csproj", "{D774B1C3-92DD-4FF6-8467-DB4D10047ABB}"
EndProject
Project("{2150E333-8FDC-42A3-9474-1A3956D46DE8}") = "MUI", "MUI", "{C5E311D4-9D15-4EA8-ABC6-5F4E42B7BA63}"
EndProject
Project("{2150E333-8FDC-42A3-9474-1A3956D46DE8}") = "Shared", "Shared", "{3A4584B2-38A3-4697-9562-5FA662986244}"
EndProject
Global
	GlobalSection(SharedMSBuildProjectFiles) = preSolution
		src\MUI.Shared\MUI.Shared.projitems*{9b9e1e65-8a89-4532-8019-00907e30d725}*SharedItemsImports = 13
	EndGlobalSection
	GlobalSection(SolutionConfigurationPlatforms) = preSolution
		Debug|Any CPU = Debug|Any CPU
		Release|Any CPU = Release|Any CPU
	EndGlobalSection
	GlobalSection(ProjectConfigurationPlatforms) = postSolution
		{0A94E500-5638-42B5-8491-182EB349C54D}.Debug|Any CPU.ActiveCfg = Debug|Any CPU
		{0A94E500-5638-42B5-8491-182EB349C54D}.Debug|Any CPU.Build.0 = Debug|Any CPU
		{0A94E500-5638-42B5-8491-182EB349C54D}.Release|Any CPU.ActiveCfg = Release|Any CPU
		{0A94E500-5638-42B5-8491-182EB349C54D}.Release|Any CPU.Build.0 = Release|Any CPU
		{D774B1C3-92DD-4FF6-8467-DB4D10047ABB}.Debug|Any CPU.ActiveCfg = Debug|Any CPU
		{D774B1C3-92DD-4FF6-8467-DB4D10047ABB}.Debug|Any CPU.Build.0 = Debug|Any CPU
		{D774B1C3-92DD-4FF6-8467-DB4D10047ABB}.Release|Any CPU.ActiveCfg = Release|Any CPU
		{D774B1C3-92DD-4FF6-8467-DB4D10047ABB}.Release|Any CPU.Build.0 = Release|Any CPU
	EndGlobalSection
	GlobalSection(SolutionProperties) = preSolution
		HideSolutionNode = FALSE
	EndGlobalSection
	GlobalSection(NestedProjects) = preSolution
		{9B9E1E65-8A89-4532-8019-00907E30D725} = {3A4584B2-38A3-4697-9562-5FA662986244}
		{0A94E500-5638-42B5-8491-182EB349C54D} = {C5E311D4-9D15-4EA8-ABC6-5F4E42B7BA63}
		{D774B1C3-92DD-4FF6-8467-DB4D10047ABB} = {C5E311D4-9D15-4EA8-ABC6-5F4E42B7BA63}
		{3A4584B2-38A3-4697-9562-5FA662986244} = {C5E311D4-9D15-4EA8-ABC6-5F4E42B7BA63}
	EndGlobalSection
	GlobalSection(ExtensibilityGlobals) = postSolution
		SolutionGuid = {1D836878-10E2-4135-9270-FFCC8ADAB0FB}
	EndGlobalSection
EndGlobal
